
Microsoft Visual Studio Solution File, Format Version 12.00
# Visual Studio Version 17
VisualStudioVersion = 17.4.33205.214
MinimumVisualStudioVersion = 10.0.40219.1
Project("{FAE04EC0-301F-11D3-BF4B-00C04F79EFBC}") = "ChatGPT_API", "ChatGPT_API\ChatGPT_API.csproj", "{A7F22736-E4BE-4F36-9E0E-C39157E3A8C6}"
EndProject
Global
	GlobalSection(SolutionConfigurationPlatforms) = preSolution
		Debug|Any CPU = Debug|Any CPU
		Release|Any CPU = Release|Any CPU
	EndGlobalSection
	GlobalSection(ProjectConfigurationPlatforms) = postSolution
		{A7F22736-E4BE-4F36-9E0E-C39157E3A8C6}.Debug|Any CPU.ActiveCfg = Debug|Any CPU
		{A7F22736-E4BE-4F36-9E0E-C39157E3A8C6}.Debug|Any CPU.Build.0 = Debug|Any CPU
		{A7F22736-E4BE-4F36-9E0E-C39157E3A8C6}.Release|Any CPU.ActiveCfg = Release|Any CPU
		{A7F22736-E4BE-4F36-9E0E-C39157E3A8C6}.Release|Any CPU.Build.0 = Release|Any CPU
	EndGlobalSection
	GlobalSection(SolutionProperties) = preSolution
		HideSolutionNode = FALSE
	EndGlobalSection
	GlobalSection(ExtensibilityGlobals) = postSolution
		SolutionGuid = {BF19239A-D6DD-4CE5-AA1D-A5A10523A260}
	EndGlobalSection
EndGlobal
